<?xml version="1.0" encoding="utf-8"?>
<Project ToolsVersion="4.0" xmlns="http://schemas.microsoft.com/developer/msbuild/2003">
  <ItemGroup>
    <ClCompile Include="CCodeRec.cpp">
      <Filter>Source Files</Filter>
    </ClCompile>
    <ClCompile Include="LangModel.cpp">
      <Filter>Source Files</Filter>
    </ClCompile>
  </ItemGroup>
  <ItemGroup>
    <CustomBuild Include="CMakeLists.txt" />
  </ItemGroup>
  <ItemGroup>
    <Filter Include="Source Files">
      <UniqueIdentifier>{F85143F3-82F1-4AE2-A523-F6D3AAD11A10}</UniqueIdentifier>
    </Filter>
  </ItemGroup>
</Project>
